
Microsoft Visual Studio Solution File, Format Version 12.00
# Visual Studio Version 17
VisualStudioVersion = 17.9.34622.214
MinimumVisualStudioVersion = 10.0.40219.1
Project("{FAE04EC0-301F-11D3-BF4B-00C04F79EFBC}") = "Movies", "Movies\Movies.csproj", "{F41A518A-A310-458D-9195-1BC0CFFBDD05}"
EndProject
Global
	GlobalSection(SolutionConfigurationPlatforms) = preSolution
		Debug|Any CPU = Debug|Any CPU
		Release|Any CPU = Release|Any CPU
	EndGlobalSection
	GlobalSection(ProjectConfigurationPlatforms) = postSolution
		{F41A518A-A310-458D-9195-1BC0CFFBDD05}.Debug|Any CPU.ActiveCfg = Debug|Any CPU
		{F41A518A-A310-458D-9195-1BC0CFFBDD05}.Debug|Any CPU.Build.0 = Debug|Any CPU
		{F41A518A-A310-458D-9195-1BC0CFFBDD05}.Release|Any CPU.ActiveCfg = Release|Any CPU
		{F41A518A-A310-458D-9195-1BC0CFFBDD05}.Release|Any CPU.Build.0 = Release|Any CPU
	EndGlobalSection
	GlobalSection(SolutionProperties) = preSolution
		HideSolutionNode = FALSE
	EndGlobalSection
	GlobalSection(ExtensibilityGlobals) = postSolution
		SolutionGuid = {F81A710F-81C9-48D2-8D79-9FEA3E50795F}
	EndGlobalSection
EndGlobal
